<Solution>
  <Project Path="Project.AI.csproj" />
  <Project Path="Project.UI.csproj" />
  <Project Path="Project.CameraSystem.csproj" />
  <Project Path="Project.Items.csproj" />
  <Project Path="Project.Character.Combat.csproj" />
  <Project Path="Project.Character.Stats.csproj" />
  <Project Path="Project.Character.Movement.csproj" />
  <Project Path="Project.DebugTools.csproj" />
  <Project Path="Project.EditorTools.csproj" />
  <Project Path="Project.Combat.csproj" />
  <Project Path="Project.Character.csproj" />
</Solution>
